// !$*UTF8*$!
{
	archiveVersion = 1;
	classes = {
	};
	objectVersion = 50;
	objects = {

/* Begin PBXBuildFile section */
		B2166A61216FBE5300D6D784 /* Assets.xcassets in Resources */ = {isa = PBXBuildFile; fileRef = B2166A60216FBE5300D6D784 /* Assets.xcassets */; };
		B2166A68216FCC8100D6D784 /* ViewController.swift in Sources */ = {isa = PBXBuildFile; fileRef = B2166A65216FCC8100D6D784 /* ViewController.swift */; };
		B2166A69216FCC8100D6D784 /* DetailViewController.swift in Sources */ = {isa = PBXBuildFile; fileRef = B2166A66216FCC8100D6D784 /* DetailViewController.swift */; };
		B2166A6A216FCC8100D6D784 /* DayCell.swift in Sources */ = {isa = PBXBuildFile; fileRef = B2166A67216FCC8100D6D784 /* DayCell.swift */; };
		B2387888216F48E600B328A3 /* AppDelegate.swift in Sources */ = {isa = PBXBuildFile; fileRef = B2387887216F48E600B328A3 /* AppDelegate.swift */; };
		B238788D216F48E600B328A3 /* Main.storyboard in Resources */ = {isa = PBXBuildFile; fileRef = B238788B216F48E600B328A3 /* Main.storyboard */; };
		B2387892216F48E800B328A3 /* LaunchScreen.storyboard in Resources */ = {isa = PBXBuildFile; fileRef = B2387890216F48E800B328A3 /* LaunchScreen.storyboard */; };
		B238789E216F6D9E00B328A3 /* WeatherRepo.swift in Sources */ = {isa = PBXBuildFile; fileRef = B238789D216F6D9E00B328A3 /* WeatherRepo.swift */; };
		B23878A0216F6DFA00B328A3 /* WeatherModel.swift in Sources */ = {isa = PBXBuildFile; fileRef = B238789F216F6DFA00B328A3 /* WeatherModel.swift */; };
		C13D1C3DAE45FBF691DEB0E2 /* Pods_weather.framework in Frameworks */ = {isa = PBXBuildFile; fileRef = 9FD944DDE4C74EB3DE60C860 /* Pods_weather.framework */; };
/* End PBXBuildFile section */

/* Begin PBXFileReference section */
		4D36FC272BE2DD55DC6A5302 /* Pods-weather.release.xcconfig */ = {isa = PBXFileReference; includeInIndex = 1; lastKnownFileType = text.xcconfig; name = "Pods-weather.release.xcconfig"; path = "Pods/Target Support Files/Pods-weather/Pods-weather.release.xcconfig"; sourceTree = "<group>"; };
		9FD944DDE4C74EB3DE60C860 /* Pods_weather.framework */ = {isa = PBXFileReference; explicitFileType = wrapper.framework; includeInIndex = 0; path = Pods_weather.framework; sourceTree = BUILT_PRODUCTS_DIR; };
		B2166A60216FBE5300D6D784 /* Assets.xcassets */ = {isa = PBXFileReference; lastKnownFileType = folder.assetcatalog; path = Assets.xcassets; sourceTree = "<group>"; };
		B2166A65216FCC8100D6D784 /* ViewController.swift */ = {isa = PBXFileReference; fileEncoding = 4; lastKnownFileType = sourcecode.swift; path = ViewController.swift; sourceTree = "<group>"; };
		B2166A66216FCC8100D6D784 /* DetailViewController.swift */ = {isa = PBXFileReference; fileEncoding = 4; lastKnownFileType = sourcecode.swift; path = DetailViewController.swift; sourceTree = "<group>"; };
		B2166A67216FCC8100D6D784 /* DayCell.swift */ = {isa = PBXFileReference; fileEncoding = 4; lastKnownFileType = sourcecode.swift; path = DayCell.swift; sourceTree = "<group>"; };
		B2387884216F48E600B328A3 /* weather.app */ = {isa = PBXFileReference; explicitFileType = wrapper.application; includeInIndex = 0; path = weather.app; sourceTree = BUILT_PRODUCTS_DIR; };
		B2387887216F48E600B328A3 /* AppDelegate.swift */ = {isa = PBXFileReference; lastKnownFileType = sourcecode.swift; path = AppDelegate.swift; sourceTree = "<group>"; };
		B238788C216F48E600B328A3 /* Base */ = {isa = PBXFileReference; lastKnownFileType = file.storyboard; name = Base; path = Base.lproj/Main.storyboard; sourceTree = "<group>"; };
		B2387891216F48E800B328A3 /* Base */ = {isa = PBXFileReference; lastKnownFileType = file.storyboard; name = Base; path = Base.lproj/LaunchScreen.storyboard; sourceTree = "<group>"; };
		B2387893216F48E800B328A3 /* Info.plist */ = {isa = PBXFileReference; lastKnownFileType = text.plist.xml; path = Info.plist; sourceTree = "<group>"; };
		B238789D216F6D9E00B328A3 /* WeatherRepo.swift */ = {isa = PBXFileReference; lastKnownFileType = sourcecode.swift; path = WeatherRepo.swift; sourceTree = "<group>"; };
		B238789F216F6DFA00B328A3 /* WeatherModel.swift */ = {isa = PBXFileReference; lastKnownFileType = sourcecode.swift; path = WeatherModel.swift; sourceTree = "<group>"; };
		C4CD72BCFD30E90D790894FC /* Pods-weather.debug.xcconfig */ = {isa = PBXFileReference; includeInIndex = 1; lastKnownFileType = text.xcconfig; name = "Pods-weather.debug.xcconfig"; path = "Pods/Target Support Files/Pods-weather/Pods-weather.debug.xcconfig"; sourceTree = "<group>"; };
/* End PBXFileReference section */

/* Begin PBXFrameworksBuildPhase section */
		B2387881216F48E600B328A3 /* Frameworks */ = {
			isa = PBXFrameworksBuildPhase;
			buildActionMask = 2147483647;
			files = (
				C13D1C3DAE45FBF691DEB0E2 /* Pods_weather.framework in Frameworks */,
			);
			runOnlyForDeploymentPostprocessing = 0;
		};
/* End PBXFrameworksBuildPhase section */

/* Begin PBXGroup section */
		146E56916E2EBC963D07201F /* Frameworks */ = {
			isa = PBXGroup;
			children = (
				9FD944DDE4C74EB3DE60C860 /* Pods_weather.framework */,
			);
			name = Frameworks;
			sourceTree = "<group>";
		};
		B2166A64216FCC8100D6D784 /* Controllers */ = {
			isa = PBXGroup;
			children = (
				B2166A65216FCC8100D6D784 /* ViewController.swift */,
				B2166A66216FCC8100D6D784 /* DetailViewController.swift */,
				B2166A67216FCC8100D6D784 /* DayCell.swift */,
			);
			name = Controllers;
			path = ../../../../../.Trash/Views/Controllers;
			sourceTree = "<group>";
		};
		B238787B216F48E600B328A3 = {
			isa = PBXGroup;
			children = (
				B2387886216F48E600B328A3 /* weather */,
				B2387885216F48E600B328A3 /* Products */,
				C9A9D1346E9BE3E410D4D065 /* Pods */,
				146E56916E2EBC963D07201F /* Frameworks */,
			);
			sourceTree = "<group>";
		};
		B2387885216F48E600B328A3 /* Products */ = {
			isa = PBXGroup;
			children = (
				B2387884216F48E600B328A3 /* weather.app */,
			);
			name = Products;
			sourceTree = "<group>";
		};
		B2387886216F48E600B328A3 /* weather */ = {
			isa = PBXGroup;
			children = (
				B2166A64216FCC8100D6D784 /* Controllers */,
				B238789C216F6D8200B328A3 /* Services */,
				B238789A216F6D4A00B328A3 /* Models */,
				B2387887216F48E600B328A3 /* AppDelegate.swift */,
				B238788B216F48E600B328A3 /* Main.storyboard */,
				B2387890216F48E800B328A3 /* LaunchScreen.storyboard */,
				B2387893216F48E800B328A3 /* Info.plist */,
				B2166A60216FBE5300D6D784 /* Assets.xcassets */,
			);
			path = weather;
			sourceTree = "<group>";
		};
		B238789A216F6D4A00B328A3 /* Models */ = {
			isa = PBXGroup;
			children = (
				B238789F216F6DFA00B328A3 /* WeatherModel.swift */,
			);
			path = Models;
			sourceTree = "<group>";
		};
		B238789C216F6D8200B328A3 /* Services */ = {
			isa = PBXGroup;
			children = (
				B238789D216F6D9E00B328A3 /* WeatherRepo.swift */,
			);
			path = Services;
			sourceTree = "<group>";
		};
		C9A9D1346E9BE3E410D4D065 /* Pods */ = {
			isa = PBXGroup;
			children = (
				C4CD72BCFD30E90D790894FC /* Pods-weather.debug.xcconfig */,
				4D36FC272BE2DD55DC6A5302 /* Pods-weather.release.xcconfig */,
			);
			name = Pods;
			sourceTree = "<group>";
		};
/* End PBXGroup section */

/* Begin PBXNativeTarget section */
		B2387883216F48E600B328A3 /* weather */ = {
			isa = PBXNativeTarget;
			buildConfigurationList = B2387896216F48E800B328A3 /* Build configuration list for PBXNativeTarget "weather" */;
			buildPhases = (
				44FD1C05A9458DE43103217E /* [CP] Check Pods Manifest.lock */,
				B2387880216F48E600B328A3 /* Sources */,
				B2387881216F48E600B328A3 /* Frameworks */,
				B2387882216F48E600B328A3 /* Resources */,
				BE0AB84897D72FF6886ABDF0 /* [CP] Embed Pods Frameworks */,
			);
			buildRules = (
			);
			dependencies = (
			);
			name = weather;
			productName = weather;
			productReference = B2387884216F48E600B328A3 /* weather.app */;
			productType = "com.apple.product-type.application";
		};
/* End PBXNativeTarget section */

/* Begin PBXProject section */
		B238787C216F48E600B328A3 /* Project object */ = {
			isa = PBXProject;
			attributes = {
				LastSwiftUpdateCheck = 1010;
				LastUpgradeCheck = 1010;
				ORGANIZATIONNAME = "Mahmoud BEN AISSA";
				TargetAttributes = {
					B2387883216F48E600B328A3 = {
						CreatedOnToolsVersion = 10.1;
					};
				};
			};
			buildConfigurationList = B238787F216F48E600B328A3 /* Build configuration list for PBXProject "weather" */;
			compatibilityVersion = "Xcode 9.3";
			developmentRegion = en;
			hasScannedForEncodings = 0;
			knownRegions = (
				en,
				Base,
			);
			mainGroup = B238787B216F48E600B328A3;
			productRefGroup = B2387885216F48E600B328A3 /* Products */;
			projectDirPath = "";
			projectRoot = "";
			targets = (
				B2387883216F48E600B328A3 /* weather */,
			);
		};
/* End PBXProject section */

/* Begin PBXResourcesBuildPhase section */
		B2387882216F48E600B328A3 /* Resources */ = {
			isa = PBXResourcesBuildPhase;
			buildActionMask = 2147483647;
			files = (
				B2387892216F48E800B328A3 /* LaunchScreen.storyboard in Resources */,
				B2166A61216FBE5300D6D784 /* Assets.xcassets in Resources */,
				B238788D216F48E600B328A3 /* Main.storyboard in Resources */,
			);
			runOnlyForDeploymentPostprocessing = 0;
		};
/* End PBXResourcesBuildPhase section */

/* Begin PBXShellScriptBuildPhase section */
		44FD1C05A9458DE43103217E /* [CP] Check Pods Manifest.lock */ = {
			isa = PBXShellScriptBuildPhase;
			buildActionMask = 2147483647;
			files = (
			);
			inputPaths = (
				"${PODS_PODFILE_DIR_PATH}/Podfile.lock",
				"${PODS_ROOT}/Manifest.lock",
			);
			name = "[CP] Check Pods Manifest.lock";
			outputPaths = (
				"$(DERIVED_FILE_DIR)/Pods-weather-checkManifestLockResult.txt",
			);
			runOnlyForDeploymentPostprocessing = 0;
			shellPath = /bin/sh;
			shellScript = "diff \"${PODS_PODFILE_DIR_PATH}/Podfile.lock\" \"${PODS_ROOT}/Manifest.lock\" > /dev/null\nif [ $? != 0 ] ; then\n    # print error to STDERR\n    echo \"error: The sandbox is not in sync with the Podfile.lock. Run 'pod install' or update your CocoaPods installation.\" >&2\n    exit 1\nfi\n# This output is used by Xcode 'outputs' to avoid re-running this script phase.\necho \"SUCCESS\" > \"${SCRIPT_OUTPUT_FILE_0}\"\n";
			showEnvVarsInLog = 0;
		};
		BE0AB84897D72FF6886ABDF0 /* [CP] Embed Pods Frameworks */ = {
			isa = PBXShellScriptBuildPhase;
			buildActionMask = 2147483647;
			files = (
			);
			inputPaths = (
				"${SRCROOT}/Pods/Target Support Files/Pods-weather/Pods-weather-frameworks.sh",
				"${BUILT_PRODUCTS_DIR}/Alamofire/Alamofire.framework",
				"${BUILT_PRODUCTS_DIR}/SwifterSwift/SwifterSwift.framework",
				"${BUILT_PRODUCTS_DIR}/SwiftyJSON/SwiftyJSON.framework",
			);
			name = "[CP] Embed Pods Frameworks";
			outputPaths = (
				"${TARGET_BUILD_DIR}/${FRAMEWORKS_FOLDER_PATH}/Alamofire.framework",
				"${TARGET_BUILD_DIR}/${FRAMEWORKS_FOLDER_PATH}/SwifterSwift.framework",
				"${TARGET_BUILD_DIR}/${FRAMEWORKS_FOLDER_PATH}/SwiftyJSON.framework",
			);
			runOnlyForDeploymentPostprocessing = 0;
			shellPath = /bin/sh;
			shellScript = "\"${SRCROOT}/Pods/Target Support Files/Pods-weather/Pods-weather-frameworks.sh\"\n";
			showEnvVarsInLog = 0;
		};
/* End PBXShellScriptBuildPhase section */

/* Begin PBXSourcesBuildPhase section */
		B2387880216F48E600B328A3 /* Sources */ = {
			isa = PBXSourcesBuildPhase;
			buildActionMask = 2147483647;
			files = (
				B238789E216F6D9E00B328A3 /* WeatherRepo.swift in Sources */,
				B23878A0216F6DFA00B328A3 /* WeatherModel.swift in Sources */,
				B2166A69216FCC8100D6D784 /* DetailViewController.swift in Sources */,
				B2166A68216FCC8100D6D784 /* ViewController.swift in Sources */,
				B2166A6A216FCC8100D6D784 /* DayCell.swift in Sources */,
				B2387888216F48E600B328A3 /* AppDelegate.swift in Sources */,
			);
			runOnlyForDeploymentPostprocessing = 0;
		};
/* End PBXSourcesBuildPhase section */

/* Begin PBXVariantGroup section */
		B238788B216F48E600B328A3 /* Main.storyboard */ = {
			isa = PBXVariantGroup;
			children = (
				B238788C216F48E600B328A3 /* Base */,
			);
			name = Main.storyboard;
			sourceTree = "<group>";
		};
		B2387890216F48E800B328A3 /* LaunchScreen.storyboard */ = {
			isa = PBXVariantGroup;
			children = (
				B2387891216F48E800B328A3 /* Base */,
			);
			name = LaunchScreen.storyboard;
			sourceTree = "<group>";
		};
/* End PBXVariantGroup section */

/* Begin XCBuildConfiguration section */
		B2387894216F48E800B328A3 /* Debug */ = {
			isa = XCBuildConfiguration;
			buildSettings = {
				ALWAYS_SEARCH_USER_PATHS = NO;
				CLANG_ANALYZER_NONNULL = YES;
				CLANG_ANALYZER_NUMBER_OBJECT_CONVERSION = YES_AGGRESSIVE;
				CLANG_CXX_LANGUAGE_STANDARD = "gnu++14";
				CLANG_CXX_LIBRARY = "libc++";
				CLANG_ENABLE_MODULES = YES;
				CLANG_ENABLE_OBJC_ARC = YES;
				CLANG_ENABLE_OBJC_WEAK = YES;
				CLANG_WARN_BLOCK_CAPTURE_AUTORELEASING = YES;
				CLANG_WARN_BOOL_CONVERSION = YES;
				CLANG_WARN_COMMA = YES;
				CLANG_WARN_CONSTANT_CONVERSION = YES;
				CLANG_WARN_DEPRECATED_OBJC_IMPLEMENTATIONS = YES;
				CLANG_WARN_DIRECT_OBJC_ISA_USAGE = YES_ERROR;
				CLANG_WARN_DOCUMENTATION_COMMENTS = YES;
				CLANG_WARN_EMPTY_BODY = YES;
				CLANG_WARN_ENUM_CONVERSION = YES;
				CLANG_WARN_INFINITE_RECURSION = YES;
				CLANG_WARN_INT_CONVERSION = YES;
				CLANG_WARN_NON_LITERAL_NULL_CONVERSION = YES;
				CLANG_WARN_OBJC_IMPLICIT_RETAIN_SELF = YES;
				CLANG_WARN_OBJC_LITERAL_CONVERSION = YES;
				CLANG_WARN_OBJC_ROOT_CLASS = YES_ERROR;
				CLANG_WARN_RANGE_LOOP_ANALYSIS = YES;
				CLANG_WARN_STRICT_PROTOTYPES = YES;
				CLANG_WARN_SUSPICIOUS_MOVE = YES;
				CLANG_WARN_UNGUARDED_AVAILABILITY = YES_AGGRESSIVE;
				CLANG_WARN_UNREACHABLE_CODE = YES;
				CLANG_WARN__DUPLICATE_METHOD_MATCH = YES;
				CODE_SIGN_IDENTITY = "iPhone Developer";
				COPY_PHASE_STRIP = NO;
				DEBUG_INFORMATION_FORMAT = dwarf;
				ENABLE_STRICT_OBJC_MSGSEND = YES;
				ENABLE_TESTABILITY = YES;
				GCC_C_LANGUAGE_STANDARD = gnu11;
				GCC_DYNAMIC_NO_PIC = NO;
				GCC_NO_COMMON_BLOCKS = YES;
				GCC_OPTIMIZATION_LEVEL = 0;
				GCC_PREPROCESSOR_DEFINITIONS = (
					"DEBUG=1",
					"$(inherited)",
				);
				GCC_WARN_64_TO_32_BIT_CONVERSION = YES;
				GCC_WARN_ABOUT_RETURN_TYPE = YES_ERROR;
				GCC_WARN_UNDECLARED_SELECTOR = YES;
				GCC_WARN_UNINITIALIZED_AUTOS = YES_AGGRESSIVE;
				GCC_WARN_UNUSED_FUNCTION = YES;
				GCC_WARN_UNUSED_VARIABLE = YES;
				IPHONEOS_DEPLOYMENT_TARGET = 11.4;
				MTL_ENABLE_DEBUG_INFO = INCLUDE_SOURCE;
				MTL_FAST_MATH = YES;
				ONLY_ACTIVE_ARCH = YES;
				SDKROOT = iphoneos;
				SWIFT_ACTIVE_COMPILATION_CONDITIONS = DEBUG;
				SWIFT_OPTIMIZATION_LEVEL = "-Onone";
			};
			name = Debug;
		};
		B2387895216F48E800B328A3 /* Release */ = {
			isa = XCBuildConfiguration;
			buildSettings = {
				ALWAYS_SEARCH_USER_PATHS = NO;
				CLANG_ANALYZER_NONNULL = YES;
				CLANG_ANALYZER_NUMBER_OBJECT_CONVERSION = YES_AGGRESSIVE;
				CLANG_CXX_LANGUAGE_STANDARD = "gnu++14";
				CLANG_CXX_LIBRARY = "libc++";
				CLANG_ENABLE_MODULES = YES;
				CLANG_ENABLE_OBJC_ARC = YES;
				CLANG_ENABLE_OBJC_WEAK = YES;
				CLANG_WARN_BLOCK_CAPTURE_AUTORELEASING = YES;
				CLANG_WARN_BOOL_CONVERSION = YES;
				CLANG_WARN_COMMA = YES;
				CLANG_WARN_CONSTANT_CONVERSION = YES;
				CLANG_WARN_DEPRECATED_OBJC_IMPLEMENTATIONS = YES;
				CLANG_WARN_DIRECT_OBJC_ISA_USAGE = YES_ERROR;
				CLANG_WARN_DOCUMENTATION_COMMENTS = YES;
				CLANG_WARN_EMPTY_BODY = YES;
				CLANG_WARN_ENUM_CONVERSION = YES;
				CLANG_WARN_INFINITE_RECURSION = YES;
				CLANG_WARN_INT_CONVERSION = YES;
				CLANG_WARN_NON_LITERAL_NULL_CONVERSION = YES;
				CLANG_WARN_OBJC_IMPLICIT_RETAIN_SELF = YES;
				CLANG_WARN_OBJC_LITERAL_CONVERSION = YES;
				CLANG_WARN_OBJC_ROOT_CLASS = YES_ERROR;
				CLANG_WARN_RANGE_LOOP_ANALYSIS = YES;
				CLANG_WARN_STRICT_PROTOTYPES = YES;
				CLANG_WARN_SUSPICIOUS_MOVE = YES;
				CLANG_WARN_UNGUARDED_AVAILABILITY = YES_AGGRESSIVE;
				CLANG_WARN_UNREACHABLE_CODE = YES;
				CLANG_WARN__DUPLICATE_METHOD_MATCH = YES;
				CODE_SIGN_IDENTITY = "iPhone Developer";
				COPY_PHASE_STRIP = NO;
				DEBUG_INFORMATION_FORMAT = "dwarf-with-dsym";
				ENABLE_NS_ASSERTIONS = NO;
				ENABLE_STRICT_OBJC_MSGSEND = YES;
				GCC_C_LANGUAGE_STANDARD = gnu11;
				GCC_NO_COMMON_BLOCKS = YES;
				GCC_WARN_64_TO_32_BIT_CONVERSION = YES;
				GCC_WARN_ABOUT_RETURN_TYPE = YES_ERROR;
				GCC_WARN_UNDECLARED_SELECTOR = YES;
				GCC_WARN_UNINITIALIZED_AUTOS = YES_AGGRESSIVE;
				GCC_WARN_UNUSED_FUNCTION = YES;
				GCC_WARN_UNUSED_VARIABLE = YES;
				IPHONEOS_DEPLOYMENT_TARGET = 11.4;
				MTL_ENABLE_DEBUG_INFO = NO;
				MTL_FAST_MATH = YES;
				SDKROOT = iphoneos;
				SWIFT_COMPILATION_MODE = wholemodule;
				SWIFT_OPTIMIZATION_LEVEL = "-O";
				VALIDATE_PRODUCT = YES;
			};
			name = Release;
		};
		B2387897216F48E800B328A3 /* Debug */ = {
			isa = XCBuildConfiguration;
			baseConfigurationReference = C4CD72BCFD30E90D790894FC /* Pods-weather.debug.xcconfig */;
			buildSettings = {
				ASSETCATALOG_COMPILER_APPICON_NAME = AppIcon;
				CODE_SIGN_STYLE = Automatic;
				DEVELOPMENT_TEAM = PCTXJ3892R;
				INFOPLIST_FILE = weather/Info.plist;
				LD_RUNPATH_SEARCH_PATHS = (
					"$(inherited)",
					"@executable_path/Frameworks",
				);
				PRODUCT_BUNDLE_IDENTIFIER = fr.mbenaissa.weather;
				PRODUCT_NAME = "$(TARGET_NAME)";
				SWIFT_VERSION = 4.2;
				TARGETED_DEVICE_FAMILY = "1,2";
			};
			name = Debug;
		};
		B2387898216F48E800B328A3 /* Release */ = {
			isa = XCBuildConfiguration;
			baseConfigurationReference = 4D36FC272BE2DD55DC6A5302 /* Pods-weather.release.xcconfig */;
			buildSettings = {
				ASSETCATALOG_COMPILER_APPICON_NAME = AppIcon;
				CODE_SIGN_STYLE = Automatic;
				DEVELOPMENT_TEAM = PCTXJ3892R;
				INFOPLIST_FILE = weather/Info.plist;
				LD_RUNPATH_SEARCH_PATHS = (
					"$(inherited)",
					"@executable_path/Frameworks",
				);
				PRODUCT_BUNDLE_IDENTIFIER = fr.mbenaissa.weather;
				PRODUCT_NAME = "$(TARGET_NAME)";
				SWIFT_VERSION = 4.2;
				TARGETED_DEVICE_FAMILY = "1,2";
			};
			name = Release;
		};
/* End XCBuildConfiguration section */

/* Begin XCConfigurationList section */
		B238787F216F48E600B328A3 /* Build configuration list for PBXProject "weather" */ = {
			isa = XCConfigurationList;
			buildConfigurations = (
				B2387894216F48E800B328A3 /* Debug */,
				B2387895216F48E800B328A3 /* Release */,
			);
			defaultConfigurationIsVisible = 0;
			defaultConfigurationName = Release;
		};
		B2387896216F48E800B328A3 /* Build configuration list for PBXNativeTarget "weather" */ = {
			isa = XCConfigurationList;
			buildConfigurations = (
				B2387897216F48E800B328A3 /* Debug */,
				B2387898216F48E800B328A3 /* Release */,
			);
			defaultConfigurationIsVisible = 0;
			defaultConfigurationName = Release;
		};
/* End XCConfigurationList section */
	};
	rootObject = B238787C216F48E600B328A3 /* Project object */;
}
